
Microsoft Visual Studio Solution File, Format Version 12.00
# Visual Studio Version 17
VisualStudioVersion = 17.4.33110.190
MinimumVisualStudioVersion = 10.0.40219.1
Project("{FAE04EC0-301F-11D3-BF4B-00C04F79EFBC}") = "Web Application", "Web Application\Web Application.csproj", "{92A770E4-3DFE-4019-A64B-6E2C1F12FC71}"
EndProject
Global
	GlobalSection(SolutionConfigurationPlatforms) = preSolution
		Debug|Any CPU = Debug|Any CPU
		Release|Any CPU = Release|Any CPU
	EndGlobalSection
	GlobalSection(ProjectConfigurationPlatforms) = postSolution
		{92A770E4-3DFE-4019-A64B-6E2C1F12FC71}.Debug|Any CPU.ActiveCfg = Debug|Any CPU
		{92A770E4-3DFE-4019-A64B-6E2C1F12FC71}.Debug|Any CPU.Build.0 = Debug|Any CPU
		{92A770E4-3DFE-4019-A64B-6E2C1F12FC71}.Release|Any CPU.ActiveCfg = Release|Any CPU
		{92A770E4-3DFE-4019-A64B-6E2C1F12FC71}.Release|Any CPU.Build.0 = Release|Any CPU
	EndGlobalSection
	GlobalSection(SolutionProperties) = preSolution
		HideSolutionNode = FALSE
	EndGlobalSection
	GlobalSection(ExtensibilityGlobals) = postSolution
		SolutionGuid = {3D8677C9-C3C9-4486-8CEA-AFACD4597863}
	EndGlobalSection
EndGlobal
