
Microsoft Visual Studio Solution File, Format Version 12.00
# Visual Studio Version 17
VisualStudioVersion = 17.3.32922.545
MinimumVisualStudioVersion = 10.0.40219.1
Project("{FAE04EC0-301F-11D3-BF4B-00C04F79EFBC}") = "Superclasses", "Superclasses\Superclasses.csproj", "{20ACC3A4-96EB-48B2-ADE9-906C4D9AE371}"
EndProject
Global
	GlobalSection(SolutionConfigurationPlatforms) = preSolution
		Debug|Any CPU = Debug|Any CPU
		Release|Any CPU = Release|Any CPU
	EndGlobalSection
	GlobalSection(ProjectConfigurationPlatforms) = postSolution
		{20ACC3A4-96EB-48B2-ADE9-906C4D9AE371}.Debug|Any CPU.ActiveCfg = Debug|Any CPU
		{20ACC3A4-96EB-48B2-ADE9-906C4D9AE371}.Debug|Any CPU.Build.0 = Debug|Any CPU
		{20ACC3A4-96EB-48B2-ADE9-906C4D9AE371}.Release|Any CPU.ActiveCfg = Release|Any CPU
		{20ACC3A4-96EB-48B2-ADE9-906C4D9AE371}.Release|Any CPU.Build.0 = Release|Any CPU
	EndGlobalSection
	GlobalSection(SolutionProperties) = preSolution
		HideSolutionNode = FALSE
	EndGlobalSection
	GlobalSection(ExtensibilityGlobals) = postSolution
		SolutionGuid = {BA1F31AF-507C-432E-AF60-23629E9F2988}
	EndGlobalSection
EndGlobal
