
Microsoft Visual Studio Solution File, Format Version 12.00
# Visual Studio Version 17
VisualStudioVersion = 17.4.33122.133
MinimumVisualStudioVersion = 10.0.40219.1
Project("{FAE04EC0-301F-11D3-BF4B-00C04F79EFBC}") = "EF Student DB", "EF Student DB\EF Student DB.csproj", "{D460FB37-3C03-4E50-82AA-08527ABDABAB}"
EndProject
Global
	GlobalSection(SolutionConfigurationPlatforms) = preSolution
		Debug|Any CPU = Debug|Any CPU
		Release|Any CPU = Release|Any CPU
	EndGlobalSection
	GlobalSection(ProjectConfigurationPlatforms) = postSolution
		{D460FB37-3C03-4E50-82AA-08527ABDABAB}.Debug|Any CPU.ActiveCfg = Debug|Any CPU
		{D460FB37-3C03-4E50-82AA-08527ABDABAB}.Debug|Any CPU.Build.0 = Debug|Any CPU
		{D460FB37-3C03-4E50-82AA-08527ABDABAB}.Release|Any CPU.ActiveCfg = Release|Any CPU
		{D460FB37-3C03-4E50-82AA-08527ABDABAB}.Release|Any CPU.Build.0 = Release|Any CPU
	EndGlobalSection
	GlobalSection(SolutionProperties) = preSolution
		HideSolutionNode = FALSE
	EndGlobalSection
	GlobalSection(ExtensibilityGlobals) = postSolution
		SolutionGuid = {084C5895-6B40-4727-A116-CB2E52E67131}
	EndGlobalSection
EndGlobal
