
Microsoft Visual Studio Solution File, Format Version 12.00
# Visual Studio Version 17
VisualStudioVersion = 17.4.33122.133
MinimumVisualStudioVersion = 10.0.40219.1
Project("{FAE04EC0-301F-11D3-BF4B-00C04F79EFBC}") = "TechAcadStudentsMVC", "TechAcadStudentsMVC\TechAcadStudentsMVC.csproj", "{90F16881-9E98-471B-BDA7-D3F8ADA02FD5}"
EndProject
Global
	GlobalSection(SolutionConfigurationPlatforms) = preSolution
		Debug|Any CPU = Debug|Any CPU
		Release|Any CPU = Release|Any CPU
	EndGlobalSection
	GlobalSection(ProjectConfigurationPlatforms) = postSolution
		{90F16881-9E98-471B-BDA7-D3F8ADA02FD5}.Debug|Any CPU.ActiveCfg = Debug|Any CPU
		{90F16881-9E98-471B-BDA7-D3F8ADA02FD5}.Debug|Any CPU.Build.0 = Debug|Any CPU
		{90F16881-9E98-471B-BDA7-D3F8ADA02FD5}.Release|Any CPU.ActiveCfg = Release|Any CPU
		{90F16881-9E98-471B-BDA7-D3F8ADA02FD5}.Release|Any CPU.Build.0 = Release|Any CPU
	EndGlobalSection
	GlobalSection(SolutionProperties) = preSolution
		HideSolutionNode = FALSE
	EndGlobalSection
	GlobalSection(ExtensibilityGlobals) = postSolution
		SolutionGuid = {B6B7C61A-3E2F-418C-9968-F6B6CC457033}
	EndGlobalSection
EndGlobal
