
Microsoft Visual Studio Solution File, Format Version 12.00
# Visual Studio Version 17
VisualStudioVersion = 17.3.32922.545
MinimumVisualStudioVersion = 10.0.40219.1
Project("{FAE04EC0-301F-11D3-BF4B-00C04F79EFBC}") = "Calling Methods", "Calling Methods\Calling Methods.csproj", "{337CAD2F-B197-4DB1-923C-4C2CAE96E14E}"
EndProject
Global
	GlobalSection(SolutionConfigurationPlatforms) = preSolution
		Debug|Any CPU = Debug|Any CPU
		Release|Any CPU = Release|Any CPU
	EndGlobalSection
	GlobalSection(ProjectConfigurationPlatforms) = postSolution
		{337CAD2F-B197-4DB1-923C-4C2CAE96E14E}.Debug|Any CPU.ActiveCfg = Debug|Any CPU
		{337CAD2F-B197-4DB1-923C-4C2CAE96E14E}.Debug|Any CPU.Build.0 = Debug|Any CPU
		{337CAD2F-B197-4DB1-923C-4C2CAE96E14E}.Release|Any CPU.ActiveCfg = Release|Any CPU
		{337CAD2F-B197-4DB1-923C-4C2CAE96E14E}.Release|Any CPU.Build.0 = Release|Any CPU
	EndGlobalSection
	GlobalSection(SolutionProperties) = preSolution
		HideSolutionNode = FALSE
	EndGlobalSection
	GlobalSection(ExtensibilityGlobals) = postSolution
		SolutionGuid = {2E0C5015-E5AD-4029-A7E1-B5C709EDF3DA}
	EndGlobalSection
EndGlobal
